
Microsoft Visual Studio Solution File, Format Version 12.00
# Visual Studio Version 17
VisualStudioVersion = 17.5.33516.290
MinimumVisualStudioVersion = 10.0.40219.1
Project("{9A19103F-16F7-4668-BE54-9A1E7A4F7556}") = "PartyPlanning", "PartyPlanning.csproj", "{8FFEE849-2427-4E16-8DF0-4AB0D64A9FC8}"
EndProject
Project("{2150E333-8FDC-42A3-9474-1A3956D46DE8}") = "Solution Items", "Solution Items", "{E98D5F23-5856-409E-BB38-44B0470CC53D}"
	ProjectSection(SolutionItems) = preProject
		.editorconfig = .editorconfig
	EndProjectSection
EndProject
Global
	GlobalSection(SolutionConfigurationPlatforms) = preSolution
		Debug|Any CPU = Debug|Any CPU
		Release|Any CPU = Release|Any CPU
	EndGlobalSection
	GlobalSection(ProjectConfigurationPlatforms) = postSolution
		{8FFEE849-2427-4E16-8DF0-4AB0D64A9FC8}.Debug|Any CPU.ActiveCfg = Debug|Any CPU
		{8FFEE849-2427-4E16-8DF0-4AB0D64A9FC8}.Debug|Any CPU.Build.0 = Debug|Any CPU
		{8FFEE849-2427-4E16-8DF0-4AB0D64A9FC8}.Release|Any CPU.ActiveCfg = Release|Any CPU
		{8FFEE849-2427-4E16-8DF0-4AB0D64A9FC8}.Release|Any CPU.Build.0 = Release|Any CPU
	EndGlobalSection
	GlobalSection(SolutionProperties) = preSolution
		HideSolutionNode = FALSE
	EndGlobalSection
	GlobalSection(ExtensibilityGlobals) = postSolution
		SolutionGuid = {AA4190AD-8314-4021-ABC2-256D8241C992}
	EndGlobalSection
EndGlobal
